// !$*UTF8*$!
{
	archiveVersion = 1;
	classes = {
	};
	objectVersion = 54;
	objects = {

/* Begin PBXBuildFile section */
		1FCBDA362E2D96F4003381CC /* shell in Resources */ = {isa = PBXBuildFile; fileRef = 1FCBDA352E2D96F4003381CC /* shell */; };
		1FCBDA382E2D96FE003381CC /* router in Resources */ = {isa = PBXBuildFile; fileRef = 1FCBDA372E2D96FE003381CC /* router */; };
		278C434725E53F900022840B /* DragTargetWebView.swift in Sources */ = {isa = PBXBuildFile; fileRef = 278C434125E53B9A0022840B /* DragTargetWebView.swift */; };
		278E732C25615C4500BD5421 /* AppDelegate.swift in Sources */ = {isa = PBXBuildFile; fileRef = 278E732B25615C4500BD5421 /* AppDelegate.swift */; };
		278E732E25615C4600BD5421 /* Assets.xcassets in Resources */ = {isa = PBXBuildFile; fileRef = 278E732D25615C4600BD5421 /* Assets.xcassets */; };
		278E733125615C4600BD5421 /* MainMenu.xib in Resources */ = {isa = PBXBuildFile; fileRef = 278E732F25615C4600BD5421 /* MainMenu.xib */; };
		27A986AE25E6606F00B1A3CA /* Extensions.swift in Sources */ = {isa = PBXBuildFile; fileRef = 27A986AA25E65FE400B1A3CA /* Extensions.swift */; };
/* End PBXBuildFile section */

/* Begin PBXFileReference section */
		1FCBDA352E2D96F4003381CC /* shell */ = {isa = PBXFileReference; lastKnownFileType = folder; name = shell; path = "mysql-shell-workbench/shell"; sourceTree = "<group>"; };
		1FCBDA372E2D96FE003381CC /* router */ = {isa = PBXFileReference; lastKnownFileType = folder; name = router; path = "mysql-shell-workbench/router"; sourceTree = "<group>"; };
		278C434125E53B9A0022840B /* DragTargetWebView.swift */ = {isa = PBXFileReference; lastKnownFileType = sourcecode.swift; path = DragTargetWebView.swift; sourceTree = "<group>"; };
		278E732825615C4500BD5421 /* MySQL Shell Workbench.app */ = {isa = PBXFileReference; explicitFileType = wrapper.application; includeInIndex = 0; path = "MySQL Shell Workbench.app"; sourceTree = BUILT_PRODUCTS_DIR; };
		278E732B25615C4500BD5421 /* AppDelegate.swift */ = {isa = PBXFileReference; lastKnownFileType = sourcecode.swift; path = AppDelegate.swift; sourceTree = "<group>"; };
		278E732D25615C4600BD5421 /* Assets.xcassets */ = {isa = PBXFileReference; lastKnownFileType = folder.assetcatalog; path = Assets.xcassets; sourceTree = "<group>"; };
		278E733025615C4600BD5421 /* Base */ = {isa = PBXFileReference; lastKnownFileType = file.xib; name = Base; path = Base.lproj/MainMenu.xib; sourceTree = "<group>"; };
		278E733225615C4600BD5421 /* Info.plist */ = {isa = PBXFileReference; lastKnownFileType = text.plist.xml; path = Info.plist; sourceTree = "<group>"; };
		278E733325615C4600BD5421 /* MySQL_Shell_Workbench.entitlements */ = {isa = PBXFileReference; lastKnownFileType = text.plist.entitlements; path = MySQL_Shell_Workbench.entitlements; sourceTree = "<group>"; };
		27A986AA25E65FE400B1A3CA /* Extensions.swift */ = {isa = PBXFileReference; lastKnownFileType = sourcecode.swift; path = Extensions.swift; sourceTree = "<group>"; };
/* End PBXFileReference section */

/* Begin PBXFrameworksBuildPhase section */
		278E732525615C4500BD5421 /* Frameworks */ = {
			isa = PBXFrameworksBuildPhase;
			buildActionMask = 2147483647;
			files = (
			);
			runOnlyForDeploymentPostprocessing = 0;
		};
/* End PBXFrameworksBuildPhase section */

/* Begin PBXGroup section */
		278E731F25615C4500BD5421 = {
			isa = PBXGroup;
			children = (
				1FCBDA372E2D96FE003381CC /* router */,
				1FCBDA352E2D96F4003381CC /* shell */,
				278E732A25615C4500BD5421 /* MySQL Shell Workbench */,
				278E732925615C4500BD5421 /* Products */,
			);
			sourceTree = "<group>";
		};
		278E732925615C4500BD5421 /* Products */ = {
			isa = PBXGroup;
			children = (
				278E732825615C4500BD5421 /* MySQL Shell Workbench.app */,
			);
			name = Products;
			sourceTree = "<group>";
		};
		278E732A25615C4500BD5421 /* MySQL Shell Workbench */ = {
			isa = PBXGroup;
			children = (
				278E732B25615C4500BD5421 /* AppDelegate.swift */,
				27A986AA25E65FE400B1A3CA /* Extensions.swift */,
				278C434125E53B9A0022840B /* DragTargetWebView.swift */,
				278E732D25615C4600BD5421 /* Assets.xcassets */,
				278E732F25615C4600BD5421 /* MainMenu.xib */,
				278E733225615C4600BD5421 /* Info.plist */,
				278E733325615C4600BD5421 /* MySQL_Shell_Workbench.entitlements */,
			);
			name = "MySQL Shell Workbench";
			path = "mysql-shell-workbench";
			sourceTree = "<group>";
		};
/* End PBXGroup section */

/* Begin PBXNativeTarget section */
		278E732725615C4500BD5421 /* MySQL Shell Workbench */ = {
			isa = PBXNativeTarget;
			buildConfigurationList = 278E733625615C4600BD5421 /* Build configuration list for PBXNativeTarget "MySQL Shell Workbench" */;
			buildPhases = (
				278E732425615C4500BD5421 /* Sources */,
				278E732525615C4500BD5421 /* Frameworks */,
				1F194E562E2E8CF70094C56A /* ShellScript */,
				278E732625615C4500BD5421 /* Resources */,
			);
			buildRules = (
			);
			dependencies = (
			);
			name = "MySQL Shell Workbench";
			productName = "MySQL Shell Workbench";
			productReference = 278E732825615C4500BD5421 /* MySQL Shell Workbench.app */;
			productType = "com.apple.product-type.application";
		};
/* End PBXNativeTarget section */

/* Begin PBXProject section */
		278E732025615C4500BD5421 /* Project object */ = {
			isa = PBXProject;
			attributes = {
				LastSwiftUpdateCheck = 1220;
				LastUpgradeCheck = 1230;
				TargetAttributes = {
					278E732725615C4500BD5421 = {
						CreatedOnToolsVersion = 12.2;
					};
				};
			};
			buildConfigurationList = 278E732325615C4500BD5421 /* Build configuration list for PBXProject "mysql-shell-workbench" */;
			compatibilityVersion = "Xcode 9.3";
			developmentRegion = en;
			hasScannedForEncodings = 0;
			knownRegions = (
				en,
				Base,
			);
			mainGroup = 278E731F25615C4500BD5421;
			productRefGroup = 278E732925615C4500BD5421 /* Products */;
			projectDirPath = "";
			projectRoot = "";
			targets = (
				278E732725615C4500BD5421 /* MySQL Shell Workbench */,
			);
		};
/* End PBXProject section */

/* Begin PBXResourcesBuildPhase section */
		278E732625615C4500BD5421 /* Resources */ = {
			isa = PBXResourcesBuildPhase;
			buildActionMask = 2147483647;
			files = (
				1FCBDA382E2D96FE003381CC /* router in Resources */,
				1FCBDA362E2D96F4003381CC /* shell in Resources */,
				278E732E25615C4600BD5421 /* Assets.xcassets in Resources */,
				278E733125615C4600BD5421 /* MainMenu.xib in Resources */,
			);
			runOnlyForDeploymentPostprocessing = 0;
		};
/* End PBXResourcesBuildPhase section */

/* Begin PBXShellScriptBuildPhase section */
		1F194E562E2E8CF70094C56A /* ShellScript */ = {
			isa = PBXShellScriptBuildPhase;
			alwaysOutOfDate = 1;
			buildActionMask = 2147483647;
			files = (
			);
			inputFileListPaths = (
			);
			inputPaths = (
			);
			outputFileListPaths = (
			);
			outputPaths = (
			);
			runOnlyForDeploymentPostprocessing = 0;
			shellPath = /bin/sh;
			shellScript = "# Ensures the referenced folders for shell and router are present to prevent the build from failing\nif [ ! -e \"${SOURCE_ROOT}/mysql-shell-workbench/shell\" ]; then\n  mkdir -p \"${SOURCE_ROOT}/mysql-shell-workbench/shell\"\nfi\n\nif [ ! -e \"${SOURCE_ROOT}/mysql-shell-workbench/router\" ]; then\n  mkdir -p \"${SOURCE_ROOT}/mysql-shell-workbench/router\"\nfi\n";
		};
/* End PBXShellScriptBuildPhase section */

/* Begin PBXSourcesBuildPhase section */
		278E732425615C4500BD5421 /* Sources */ = {
			isa = PBXSourcesBuildPhase;
			buildActionMask = 2147483647;
			files = (
				278E732C25615C4500BD5421 /* AppDelegate.swift in Sources */,
				27A986AE25E6606F00B1A3CA /* Extensions.swift in Sources */,
				278C434725E53F900022840B /* DragTargetWebView.swift in Sources */,
			);
			runOnlyForDeploymentPostprocessing = 0;
		};
/* End PBXSourcesBuildPhase section */

/* Begin PBXVariantGroup section */
		278E732F25615C4600BD5421 /* MainMenu.xib */ = {
			isa = PBXVariantGroup;
			children = (
				278E733025615C4600BD5421 /* Base */,
			);
			name = MainMenu.xib;
			sourceTree = "<group>";
		};
/* End PBXVariantGroup section */

/* Begin XCBuildConfiguration section */
		278E733425615C4600BD5421 /* Debug */ = {
			isa = XCBuildConfiguration;
			buildSettings = {
				ALWAYS_SEARCH_USER_PATHS = NO;
				CLANG_ANALYZER_NONNULL = YES;
				CLANG_ANALYZER_NUMBER_OBJECT_CONVERSION = YES_AGGRESSIVE;
				CLANG_CXX_LANGUAGE_STANDARD = "gnu++14";
				CLANG_CXX_LIBRARY = "libc++";
				CLANG_ENABLE_MODULES = YES;
				CLANG_ENABLE_OBJC_ARC = YES;
				CLANG_ENABLE_OBJC_WEAK = YES;
				CLANG_WARN_BLOCK_CAPTURE_AUTORELEASING = YES;
				CLANG_WARN_BOOL_CONVERSION = YES;
				CLANG_WARN_COMMA = YES;
				CLANG_WARN_CONSTANT_CONVERSION = YES;
				CLANG_WARN_DEPRECATED_OBJC_IMPLEMENTATIONS = YES;
				CLANG_WARN_DIRECT_OBJC_ISA_USAGE = YES_ERROR;
				CLANG_WARN_DOCUMENTATION_COMMENTS = YES;
				CLANG_WARN_EMPTY_BODY = YES;
				CLANG_WARN_ENUM_CONVERSION = YES;
				CLANG_WARN_INFINITE_RECURSION = YES;
				CLANG_WARN_INT_CONVERSION = YES;
				CLANG_WARN_NON_LITERAL_NULL_CONVERSION = YES;
				CLANG_WARN_OBJC_IMPLICIT_RETAIN_SELF = YES;
				CLANG_WARN_OBJC_LITERAL_CONVERSION = YES;
				CLANG_WARN_OBJC_ROOT_CLASS = YES_ERROR;
				CLANG_WARN_QUOTED_INCLUDE_IN_FRAMEWORK_HEADER = YES;
				CLANG_WARN_RANGE_LOOP_ANALYSIS = YES;
				CLANG_WARN_STRICT_PROTOTYPES = YES;
				CLANG_WARN_SUSPICIOUS_MOVE = YES;
				CLANG_WARN_UNGUARDED_AVAILABILITY = YES_AGGRESSIVE;
				CLANG_WARN_UNREACHABLE_CODE = YES;
				CLANG_WARN__DUPLICATE_METHOD_MATCH = YES;
				COPY_PHASE_STRIP = NO;
				DEBUG_INFORMATION_FORMAT = dwarf;
				ENABLE_STRICT_OBJC_MSGSEND = YES;
				ENABLE_TESTABILITY = YES;
				GCC_C_LANGUAGE_STANDARD = gnu11;
				GCC_DYNAMIC_NO_PIC = NO;
				GCC_NO_COMMON_BLOCKS = YES;
				GCC_OPTIMIZATION_LEVEL = 0;
				GCC_PREPROCESSOR_DEFINITIONS = (
					"DEBUG=1",
					"$(inherited)",
				);
				GCC_WARN_64_TO_32_BIT_CONVERSION = YES;
				GCC_WARN_ABOUT_RETURN_TYPE = YES_ERROR;
				GCC_WARN_UNDECLARED_SELECTOR = YES;
				GCC_WARN_UNINITIALIZED_AUTOS = YES_AGGRESSIVE;
				GCC_WARN_UNUSED_FUNCTION = YES;
				GCC_WARN_UNUSED_VARIABLE = YES;
				MACOSX_DEPLOYMENT_TARGET = 11.0;
				MTL_ENABLE_DEBUG_INFO = INCLUDE_SOURCE;
				MTL_FAST_MATH = YES;
				ONLY_ACTIVE_ARCH = YES;
				SDKROOT = macosx;
				SWIFT_ACTIVE_COMPILATION_CONDITIONS = DEBUG;
				SWIFT_OPTIMIZATION_LEVEL = "-Onone";
			};
			name = Debug;
		};
		278E733525615C4600BD5421 /* Release */ = {
			isa = XCBuildConfiguration;
			buildSettings = {
				ALWAYS_SEARCH_USER_PATHS = NO;
				CLANG_ANALYZER_NONNULL = YES;
				CLANG_ANALYZER_NUMBER_OBJECT_CONVERSION = YES_AGGRESSIVE;
				CLANG_CXX_LANGUAGE_STANDARD = "gnu++14";
				CLANG_CXX_LIBRARY = "libc++";
				CLANG_ENABLE_MODULES = YES;
				CLANG_ENABLE_OBJC_ARC = YES;
				CLANG_ENABLE_OBJC_WEAK = YES;
				CLANG_WARN_BLOCK_CAPTURE_AUTORELEASING = YES;
				CLANG_WARN_BOOL_CONVERSION = YES;
				CLANG_WARN_COMMA = YES;
				CLANG_WARN_CONSTANT_CONVERSION = YES;
				CLANG_WARN_DEPRECATED_OBJC_IMPLEMENTATIONS = YES;
				CLANG_WARN_DIRECT_OBJC_ISA_USAGE = YES_ERROR;
				CLANG_WARN_DOCUMENTATION_COMMENTS = YES;
				CLANG_WARN_EMPTY_BODY = YES;
				CLANG_WARN_ENUM_CONVERSION = YES;
				CLANG_WARN_INFINITE_RECURSION = YES;
				CLANG_WARN_INT_CONVERSION = YES;
				CLANG_WARN_NON_LITERAL_NULL_CONVERSION = YES;
				CLANG_WARN_OBJC_IMPLICIT_RETAIN_SELF = YES;
				CLANG_WARN_OBJC_LITERAL_CONVERSION = YES;
				CLANG_WARN_OBJC_ROOT_CLASS = YES_ERROR;
				CLANG_WARN_QUOTED_INCLUDE_IN_FRAMEWORK_HEADER = YES;
				CLANG_WARN_RANGE_LOOP_ANALYSIS = YES;
				CLANG_WARN_STRICT_PROTOTYPES = YES;
				CLANG_WARN_SUSPICIOUS_MOVE = YES;
				CLANG_WARN_UNGUARDED_AVAILABILITY = YES_AGGRESSIVE;
				CLANG_WARN_UNREACHABLE_CODE = YES;
				CLANG_WARN__DUPLICATE_METHOD_MATCH = YES;
				COPY_PHASE_STRIP = NO;
				DEBUG_INFORMATION_FORMAT = "dwarf-with-dsym";
				ENABLE_NS_ASSERTIONS = NO;
				ENABLE_STRICT_OBJC_MSGSEND = YES;
				GCC_C_LANGUAGE_STANDARD = gnu11;
				GCC_NO_COMMON_BLOCKS = YES;
				GCC_WARN_64_TO_32_BIT_CONVERSION = YES;
				GCC_WARN_ABOUT_RETURN_TYPE = YES_ERROR;
				GCC_WARN_UNDECLARED_SELECTOR = YES;
				GCC_WARN_UNINITIALIZED_AUTOS = YES_AGGRESSIVE;
				GCC_WARN_UNUSED_FUNCTION = YES;
				GCC_WARN_UNUSED_VARIABLE = YES;
				MACOSX_DEPLOYMENT_TARGET = 11.0;
				MTL_ENABLE_DEBUG_INFO = NO;
				MTL_FAST_MATH = YES;
				SDKROOT = macosx;
				SWIFT_COMPILATION_MODE = wholemodule;
				SWIFT_OPTIMIZATION_LEVEL = "-O";
			};
			name = Release;
		};
		278E733725615C4600BD5421 /* Debug */ = {
			isa = XCBuildConfiguration;
			buildSettings = {
				ASSETCATALOG_COMPILER_APPICON_NAME = AppIcon;
				ASSETCATALOG_COMPILER_GLOBAL_ACCENT_COLOR_NAME = AccentColor;
				CODE_SIGN_ENTITLEMENTS = "mysql-shell-workbench/MySQL_Shell_Workbench.entitlements";
				CODE_SIGN_IDENTITY = "-";
				CODE_SIGN_STYLE = Automatic;
				COMBINE_HIDPI_IMAGES = YES;
				DEVELOPMENT_TEAM = 4P379L9Y2H;
				INFOPLIST_FILE = "mysql-shell-workbench/Info.plist";
				LD_RUNPATH_SEARCH_PATHS = (
					"$(inherited)",
					"@executable_path/../Frameworks",
				);
				MACOSX_DEPLOYMENT_TARGET = 10.15;
				PRODUCT_BUNDLE_IDENTIFIER = "com.oracle.MySQL-Shell-Workbench";
				PRODUCT_NAME = "$(TARGET_NAME)";
				PROVISIONING_PROFILE_SPECIFIER = "";
				SWIFT_VERSION = 5.0;
			};
			name = Debug;
		};
		278E733825615C4600BD5421 /* Release */ = {
			isa = XCBuildConfiguration;
			buildSettings = {
				ASSETCATALOG_COMPILER_APPICON_NAME = AppIcon;
				ASSETCATALOG_COMPILER_GLOBAL_ACCENT_COLOR_NAME = AccentColor;
				CODE_SIGN_ENTITLEMENTS = "mysql-shell-workbench/MySQL_Shell_Workbench.entitlements";
				CODE_SIGN_IDENTITY = "-";
				CODE_SIGN_STYLE = Automatic;
				COMBINE_HIDPI_IMAGES = YES;
				DEVELOPMENT_TEAM = 4P379L9Y2H;
				INFOPLIST_FILE = "mysql-shell-workbench/Info.plist";
				LD_RUNPATH_SEARCH_PATHS = (
					"$(inherited)",
					"@executable_path/../Frameworks",
				);
				MACOSX_DEPLOYMENT_TARGET = 10.15;
				PRODUCT_BUNDLE_IDENTIFIER = "com.oracle.MySQL-Shell-Workbench";
				PRODUCT_NAME = "$(TARGET_NAME)";
				PROVISIONING_PROFILE_SPECIFIER = "";
				SWIFT_VERSION = 5.0;
			};
			name = Release;
		};
/* End XCBuildConfiguration section */

/* Begin XCConfigurationList section */
		278E732325615C4500BD5421 /* Build configuration list for PBXProject "mysql-shell-workbench" */ = {
			isa = XCConfigurationList;
			buildConfigurations = (
				278E733425615C4600BD5421 /* Debug */,
				278E733525615C4600BD5421 /* Release */,
			);
			defaultConfigurationIsVisible = 0;
			defaultConfigurationName = Release;
		};
		278E733625615C4600BD5421 /* Build configuration list for PBXNativeTarget "MySQL Shell Workbench" */ = {
			isa = XCConfigurationList;
			buildConfigurations = (
				278E733725615C4600BD5421 /* Debug */,
				278E733825615C4600BD5421 /* Release */,
			);
			defaultConfigurationIsVisible = 0;
			defaultConfigurationName = Release;
		};
/* End XCConfigurationList section */
	};
	rootObject = 278E732025615C4500BD5421 /* Project object */;
}
